
Microsoft Visual Studio Solution File, Format Version 12.00
# Visual Studio Version 17
VisualStudioVersion = 17.0.31903.59
MinimumVisualStudioVersion = 10.0.40219.1
Project("{2150E333-8FDC-42A3-9474-1A3956D46DE8}") = "src", "src", "{818A7724-36D3-4EF6-88C1-A7E99ABD87A4}"
EndProject
Project("{FAE04EC0-301F-11D3-BF4B-00C04F79EFBC}") = "CustomCodeFramework.Core", "src\CustomCodeFramework.Core\CustomCodeFramework.Core.csproj", "{FEAF352A-EF6F-4990-8A5D-FE0308EE9380}"
EndProject
Project("{FAE04EC0-301F-11D3-BF4B-00C04F79EFBC}") = "CustomCodeFramework.Cqrs", "src\CustomCodeFramework.Cqrs\CustomCodeFramework.Cqrs.csproj", "{A7BAD529-7C41-4AC0-9D6E-15200FD9E9E7}"
EndProject
Project("{FAE04EC0-301F-11D3-BF4B-00C04F79EFBC}") = "CustomCodeFramework.Validation", "src\CustomCodeFramework.Validation\CustomCodeFramework.Validation.csproj", "{578F2014-AFB9-464E-85AB-997B3DF54C9E}"
EndProject
Project("{FAE04EC0-301F-11D3-BF4B-00C04F79EFBC}") = "CustomCodeFramework.Redis", "src\CustomCodeFramework.Redis\CustomCodeFramework.Redis.csproj", "{A7C72767-BA5B-42C6-87E9-04C1A6BCC06C}"
EndProject
Project("{FAE04EC0-301F-11D3-BF4B-00C04F79EFBC}") = "CustomCodeFramework.Mongo", "src\CustomCodeFramework.Mongo\CustomCodeFramework.Mongo.csproj", "{176D83AA-F465-4675-B2FF-9651355450D2}"
EndProject
Project("{FAE04EC0-301F-11D3-BF4B-00C04F79EFBC}") = "CustomCodeFramework.Postgres", "src\CustomCodeFramework.Postgres\CustomCodeFramework.Postgres.csproj", "{D77889A4-9E43-477A-AE53-71383BB2152B}"
EndProject
Project("{FAE04EC0-301F-11D3-BF4B-00C04F79EFBC}") = "CustomCodeFramework.Messaging", "src\CustomCodeFramework.Messaging\CustomCodeFramework.Messaging.csproj", "{04F43FAC-570C-4C5A-8B60-4CD1148FE00E}"
EndProject
Project("{FAE04EC0-301F-11D3-BF4B-00C04F79EFBC}") = "CustomCodeFramework.Observability", "src\CustomCodeFramework.Observability\CustomCodeFramework.Observability.csproj", "{779060BD-0BB1-43A2-8CC8-1B6DD3AD30AF}"
EndProject
Project("{2150E333-8FDC-42A3-9474-1A3956D46DE8}") = "tests", "tests", "{AE547F31-6452-4A36-827F-93DF5BE613D7}"
EndProject
Project("{FAE04EC0-301F-11D3-BF4B-00C04F79EFBC}") = "CustomCodeFramework.Core.Tests", "tests\CustomCodeFramework.Core.Tests\CustomCodeFramework.Core.Tests.csproj", "{D28B476D-AECA-4193-938B-E7BF73592C87}"
EndProject
Project("{FAE04EC0-301F-11D3-BF4B-00C04F79EFBC}") = "CustomCodeFramework.Persistence", "src\CustomCodeFramework.Persistence\CustomCodeFramework.Persistence.csproj", "{98C741CD-753E-4A59-B804-E48AC842C336}"
EndProject
Project("{FAE04EC0-301F-11D3-BF4B-00C04F79EFBC}") = "CustomCodeFramework.Postgres.Dapper", "src\CustomCodeFramework.Postgres.Dapper\CustomCodeFramework.Postgres.Dapper.csproj", "{B73EEC2D-56D1-4A47-AB48-3D080B20332F}"
EndProject
Project("{FAE04EC0-301F-11D3-BF4B-00C04F79EFBC}") = "CustomCodeFramework.Postgres.EntityFramework", "src\CustomCodeFramework.Postgres.EntityFramework\CustomCodeFramework.Postgres.EntityFramework.csproj", "{763CA348-5479-45BB-8F2A-9793987FC4CC}"
EndProject
Project("{FAE04EC0-301F-11D3-BF4B-00C04F79EFBC}") = "CustomCodeFramework.Api", "src\CustomCodeFramework.Api\CustomCodeFramework.Api.csproj", "{F08C7015-65AC-49FD-8922-B6B45DB18C2A}"
EndProject
Project("{FAE04EC0-301F-11D3-BF4B-00C04F79EFBC}") = "CustomCodeFramework.Auth", "src\CustomCodeFramework.Auth\CustomCodeFramework.Auth.csproj", "{0AAC60D8-5851-4860-B93E-57893E29DAE4}"
EndProject
Project("{FAE04EC0-301F-11D3-BF4B-00C04F79EFBC}") = "CustomCodeFramework.Notifications", "src\CustomCodeFramework.Notifications\CustomCodeFramework.Notifications.csproj", "{117AF062-8C99-4C7B-92E5-7DDE1716BA3A}"
EndProject
Project("{FAE04EC0-301F-11D3-BF4B-00C04F79EFBC}") = "CustomCodeFramework.Reports", "src\CustomCodeFramework.Reports\CustomCodeFramework.Reports.csproj", "{53671FE3-22C3-4CF0-B407-EB0A360AE327}"
EndProject
Project("{FAE04EC0-301F-11D3-BF4B-00C04F79EFBC}") = "CustomCodeFramework.Storage", "src\CustomCodeFramework.Storage\CustomCodeFramework.Storage.csproj", "{E1DA98FA-A317-4439-8C38-1034B502F7C7}"
EndProject
Project("{FAE04EC0-301F-11D3-BF4B-00C04F79EFBC}") = "CustomCodeFramework.Notifications.WhatsApp", "src\CustomCodeFramework.Notifications.WhatsApp\CustomCodeFramework.Notifications.WhatsApp.csproj", "{0656C4DC-8839-4C5E-86DD-9DEC282AF527}"
EndProject
Project("{FAE04EC0-301F-11D3-BF4B-00C04F79EFBC}") = "CustomCodeFramework.Notifications.Sms", "src\CustomCodeFramework.Notifications.Sms\CustomCodeFramework.Notifications.Sms.csproj", "{CF298176-0BF6-4F51-B948-C54C92B6489A}"
EndProject
Project("{FAE04EC0-301F-11D3-BF4B-00C04F79EFBC}") = "CustomCodeFramework.Notifications.SignalR", "src\CustomCodeFramework.Notifications.SignalR\CustomCodeFramework.Notifications.SignalR.csproj", "{85E43D1E-676E-4C2F-A342-005B88974E4B}"
EndProject
Project("{FAE04EC0-301F-11D3-BF4B-00C04F79EFBC}") = "CustomCodeFramework.Notifications.Email", "src\CustomCodeFramework.Notifications.Email\CustomCodeFramework.Notifications.Email.csproj", "{6BE3C2DC-9FFA-444F-8A08-ECEE8F1B0DB7}"
EndProject
Project("{FAE04EC0-301F-11D3-BF4B-00C04F79EFBC}") = "CustomCodeFramework.Reports.Csv", "src\CustomCodeFramework.Reports.Csv\CustomCodeFramework.Reports.Csv.csproj", "{CF4A07D3-5693-49E0-9A90-3149EAF3383C}"
EndProject
Project("{FAE04EC0-301F-11D3-BF4B-00C04F79EFBC}") = "CustomCodeFramework.Reports.Excel", "src\CustomCodeFramework.Reports.Excel\CustomCodeFramework.Reports.Excel.csproj", "{E08205B2-A716-4EF9-95A3-BB554D2D989C}"
EndProject
Project("{FAE04EC0-301F-11D3-BF4B-00C04F79EFBC}") = "CustomCodeFramework.Reports.Word", "src\CustomCodeFramework.Reports.Word\CustomCodeFramework.Reports.Word.csproj", "{83CDBDC1-8FC7-4993-B0FC-C83037A2F181}"
EndProject
Project("{FAE04EC0-301F-11D3-BF4B-00C04F79EFBC}") = "CustomCodeFramework.Reports.Pdf", "src\CustomCodeFramework.Reports.Pdf\CustomCodeFramework.Reports.Pdf.csproj", "{98A046D7-E9CA-44C8-A888-FDE08D00E964}"
EndProject
Project("{FAE04EC0-301F-11D3-BF4B-00C04F79EFBC}") = "CustomCodeFramework.Storage.Local", "src\CustomCodeFramework.Storage.Local\CustomCodeFramework.Storage.Local.csproj", "{DD270714-BC23-495B-86DF-7B892A194FAC}"
EndProject
Project("{FAE04EC0-301F-11D3-BF4B-00C04F79EFBC}") = "CustomCodeFramework.Storage.S3", "src\CustomCodeFramework.Storage.S3\CustomCodeFramework.Storage.S3.csproj", "{2941CC87-0CAB-4040-B6C3-54AE1A01A29A}"
EndProject
Project("{FAE04EC0-301F-11D3-BF4B-00C04F79EFBC}") = "CustomCodeFramework.Storage.AzureBlob", "src\CustomCodeFramework.Storage.AzureBlob\CustomCodeFramework.Storage.AzureBlob.csproj", "{46ABB933-2D67-446C-AAE3-7D5E9227FD04}"
EndProject
Project("{FAE04EC0-301F-11D3-BF4B-00C04F79EFBC}") = "CustomCodeFramework.Storage.GoogleCloud", "src\CustomCodeFramework.Storage.GoogleCloud\CustomCodeFramework.Storage.GoogleCloud.csproj", "{DC70620E-D544-487C-941A-687DC07C377D}"
EndProject
Project("{FAE04EC0-301F-11D3-BF4B-00C04F79EFBC}") = "CustomCodeFramework.Storage.Firebase", "src\CustomCodeFramework.Storage.Firebase\CustomCodeFramework.Storage.Firebase.csproj", "{7AE7276A-503F-4B98-AE94-CAA2EAA020D6}"
EndProject
Project("{FAE04EC0-301F-11D3-BF4B-00C04F79EFBC}") = "CustomCodeFramework.Workers", "src\CustomCodeFramework.Workers\CustomCodeFramework.Workers.csproj", "{6FAEA320-1642-4C58-BA19-9233AC22C434}"
EndProject
Project("{FAE04EC0-301F-11D3-BF4B-00C04F79EFBC}") = "CustomCodeFramework.Messaging.Outbox", "src\CustomCodeFramework.Messaging.Outbox\CustomCodeFramework.Messaging.Outbox.csproj", "{1204718C-33D1-4044-8F85-84FDF956F47B}"
EndProject
Project("{FAE04EC0-301F-11D3-BF4B-00C04F79EFBC}") = "CustomCodeFramework.Redis.Streams", "src\CustomCodeFramework.Redis.Streams\CustomCodeFramework.Redis.Streams.csproj", "{4225B7A0-340E-40F9-AC25-731252500261}"
EndProject
Project("{FAE04EC0-301F-11D3-BF4B-00C04F79EFBC}") = "CustomCodeFramework.Templates", "src\CustomCodeFramework.Templates\CustomCodeFramework.Templates.csproj", "{2C69B6C9-1B50-4444-946E-D182EC55138D}"
EndProject
Project("{FAE04EC0-301F-11D3-BF4B-00C04F79EFBC}") = "CustomCodeFramework.Auth.Redis", "src\CustomCodeFramework.Auth.Redis\CustomCodeFramework.Auth.Redis.csproj", "{61791D96-F1DD-4115-B2D5-5F856B50DCFD}"
EndProject
Project("{FAE04EC0-301F-11D3-BF4B-00C04F79EFBC}") = "CustomCodeFramework.ServiceDefaults", "src\CustomCodeFramework.ServiceDefaults\CustomCodeFramework.ServiceDefaults.csproj", "{A2E5392E-5AA0-42A2-898A-2814B3583D16}"
EndProject
Global
	GlobalSection(SolutionConfigurationPlatforms) = preSolution
		Debug|Any CPU = Debug|Any CPU
		Debug|x64 = Debug|x64
		Debug|x86 = Debug|x86
		Release|Any CPU = Release|Any CPU
		Release|x64 = Release|x64
		Release|x86 = Release|x86
	EndGlobalSection
	GlobalSection(ProjectConfigurationPlatforms) = postSolution
		{FEAF352A-EF6F-4990-8A5D-FE0308EE9380}.Debug|Any CPU.ActiveCfg = Debug|Any CPU
		{FEAF352A-EF6F-4990-8A5D-FE0308EE9380}.Debug|Any CPU.Build.0 = Debug|Any CPU
		{FEAF352A-EF6F-4990-8A5D-FE0308EE9380}.Debug|x64.ActiveCfg = Debug|Any CPU
		{FEAF352A-EF6F-4990-8A5D-FE0308EE9380}.Debug|x64.Build.0 = Debug|Any CPU
		{FEAF352A-EF6F-4990-8A5D-FE0308EE9380}.Debug|x86.ActiveCfg = Debug|Any CPU
		{FEAF352A-EF6F-4990-8A5D-FE0308EE9380}.Debug|x86.Build.0 = Debug|Any CPU
		{FEAF352A-EF6F-4990-8A5D-FE0308EE9380}.Release|Any CPU.ActiveCfg = Release|Any CPU
		{FEAF352A-EF6F-4990-8A5D-FE0308EE9380}.Release|Any CPU.Build.0 = Release|Any CPU
		{FEAF352A-EF6F-4990-8A5D-FE0308EE9380}.Release|x64.ActiveCfg = Release|Any CPU
		{FEAF352A-EF6F-4990-8A5D-FE0308EE9380}.Release|x64.Build.0 = Release|Any CPU
		{FEAF352A-EF6F-4990-8A5D-FE0308EE9380}.Release|x86.ActiveCfg = Release|Any CPU
		{FEAF352A-EF6F-4990-8A5D-FE0308EE9380}.Release|x86.Build.0 = Release|Any CPU
		{A7BAD529-7C41-4AC0-9D6E-15200FD9E9E7}.Debug|Any CPU.ActiveCfg = Debug|Any CPU
		{A7BAD529-7C41-4AC0-9D6E-15200FD9E9E7}.Debug|Any CPU.Build.0 = Debug|Any CPU
		{A7BAD529-7C41-4AC0-9D6E-15200FD9E9E7}.Debug|x64.ActiveCfg = Debug|Any CPU
		{A7BAD529-7C41-4AC0-9D6E-15200FD9E9E7}.Debug|x64.Build.0 = Debug|Any CPU
		{A7BAD529-7C41-4AC0-9D6E-15200FD9E9E7}.Debug|x86.ActiveCfg = Debug|Any CPU
		{A7BAD529-7C41-4AC0-9D6E-15200FD9E9E7}.Debug|x86.Build.0 = Debug|Any CPU
		{A7BAD529-7C41-4AC0-9D6E-15200FD9E9E7}.Release|Any CPU.ActiveCfg = Release|Any CPU
		{A7BAD529-7C41-4AC0-9D6E-15200FD9E9E7}.Release|Any CPU.Build.0 = Release|Any CPU
		{A7BAD529-7C41-4AC0-9D6E-15200FD9E9E7}.Release|x64.ActiveCfg = Release|Any CPU
		{A7BAD529-7C41-4AC0-9D6E-15200FD9E9E7}.Release|x64.Build.0 = Release|Any CPU
		{A7BAD529-7C41-4AC0-9D6E-15200FD9E9E7}.Release|x86.ActiveCfg = Release|Any CPU
		{A7BAD529-7C41-4AC0-9D6E-15200FD9E9E7}.Release|x86.Build.0 = Release|Any CPU
		{578F2014-AFB9-464E-85AB-997B3DF54C9E}.Debug|Any CPU.ActiveCfg = Debug|Any CPU
		{578F2014-AFB9-464E-85AB-997B3DF54C9E}.Debug|Any CPU.Build.0 = Debug|Any CPU
		{578F2014-AFB9-464E-85AB-997B3DF54C9E}.Debug|x64.ActiveCfg = Debug|Any CPU
		{578F2014-AFB9-464E-85AB-997B3DF54C9E}.Debug|x64.Build.0 = Debug|Any CPU
		{578F2014-AFB9-464E-85AB-997B3DF54C9E}.Debug|x86.ActiveCfg = Debug|Any CPU
		{578F2014-AFB9-464E-85AB-997B3DF54C9E}.Debug|x86.Build.0 = Debug|Any CPU
		{578F2014-AFB9-464E-85AB-997B3DF54C9E}.Release|Any CPU.ActiveCfg = Release|Any CPU
		{578F2014-AFB9-464E-85AB-997B3DF54C9E}.Release|Any CPU.Build.0 = Release|Any CPU
		{578F2014-AFB9-464E-85AB-997B3DF54C9E}.Release|x64.ActiveCfg = Release|Any CPU
		{578F2014-AFB9-464E-85AB-997B3DF54C9E}.Release|x64.Build.0 = Release|Any CPU
		{578F2014-AFB9-464E-85AB-997B3DF54C9E}.Release|x86.ActiveCfg = Release|Any CPU
		{578F2014-AFB9-464E-85AB-997B3DF54C9E}.Release|x86.Build.0 = Release|Any CPU
		{A7C72767-BA5B-42C6-87E9-04C1A6BCC06C}.Debug|Any CPU.ActiveCfg = Debug|Any CPU
		{A7C72767-BA5B-42C6-87E9-04C1A6BCC06C}.Debug|Any CPU.Build.0 = Debug|Any CPU
		{A7C72767-BA5B-42C6-87E9-04C1A6BCC06C}.Debug|x64.ActiveCfg = Debug|Any CPU
		{A7C72767-BA5B-42C6-87E9-04C1A6BCC06C}.Debug|x64.Build.0 = Debug|Any CPU
		{A7C72767-BA5B-42C6-87E9-04C1A6BCC06C}.Debug|x86.ActiveCfg = Debug|Any CPU
		{A7C72767-BA5B-42C6-87E9-04C1A6BCC06C}.Debug|x86.Build.0 = Debug|Any CPU
		{A7C72767-BA5B-42C6-87E9-04C1A6BCC06C}.Release|Any CPU.ActiveCfg = Release|Any CPU
		{A7C72767-BA5B-42C6-87E9-04C1A6BCC06C}.Release|Any CPU.Build.0 = Release|Any CPU
		{A7C72767-BA5B-42C6-87E9-04C1A6BCC06C}.Release|x64.ActiveCfg = Release|Any CPU
		{A7C72767-BA5B-42C6-87E9-04C1A6BCC06C}.Release|x64.Build.0 = Release|Any CPU
		{A7C72767-BA5B-42C6-87E9-04C1A6BCC06C}.Release|x86.ActiveCfg = Release|Any CPU
		{A7C72767-BA5B-42C6-87E9-04C1A6BCC06C}.Release|x86.Build.0 = Release|Any CPU
		{176D83AA-F465-4675-B2FF-9651355450D2}.Debug|Any CPU.ActiveCfg = Debug|Any CPU
		{176D83AA-F465-4675-B2FF-9651355450D2}.Debug|Any CPU.Build.0 = Debug|Any CPU
		{176D83AA-F465-4675-B2FF-9651355450D2}.Debug|x64.ActiveCfg = Debug|Any CPU
		{176D83AA-F465-4675-B2FF-9651355450D2}.Debug|x64.Build.0 = Debug|Any CPU
		{176D83AA-F465-4675-B2FF-9651355450D2}.Debug|x86.ActiveCfg = Debug|Any CPU
		{176D83AA-F465-4675-B2FF-9651355450D2}.Debug|x86.Build.0 = Debug|Any CPU
		{176D83AA-F465-4675-B2FF-9651355450D2}.Release|Any CPU.ActiveCfg = Release|Any CPU
		{176D83AA-F465-4675-B2FF-9651355450D2}.Release|Any CPU.Build.0 = Release|Any CPU
		{176D83AA-F465-4675-B2FF-9651355450D2}.Release|x64.ActiveCfg = Release|Any CPU
		{176D83AA-F465-4675-B2FF-9651355450D2}.Release|x64.Build.0 = Release|Any CPU
		{176D83AA-F465-4675-B2FF-9651355450D2}.Release|x86.ActiveCfg = Release|Any CPU
		{176D83AA-F465-4675-B2FF-9651355450D2}.Release|x86.Build.0 = Release|Any CPU
		{D77889A4-9E43-477A-AE53-71383BB2152B}.Debug|Any CPU.ActiveCfg = Debug|Any CPU
		{D77889A4-9E43-477A-AE53-71383BB2152B}.Debug|Any CPU.Build.0 = Debug|Any CPU
		{D77889A4-9E43-477A-AE53-71383BB2152B}.Debug|x64.ActiveCfg = Debug|Any CPU
		{D77889A4-9E43-477A-AE53-71383BB2152B}.Debug|x64.Build.0 = Debug|Any CPU
		{D77889A4-9E43-477A-AE53-71383BB2152B}.Debug|x86.ActiveCfg = Debug|Any CPU
		{D77889A4-9E43-477A-AE53-71383BB2152B}.Debug|x86.Build.0 = Debug|Any CPU
		{D77889A4-9E43-477A-AE53-71383BB2152B}.Release|Any CPU.ActiveCfg = Release|Any CPU
		{D77889A4-9E43-477A-AE53-71383BB2152B}.Release|Any CPU.Build.0 = Release|Any CPU
		{D77889A4-9E43-477A-AE53-71383BB2152B}.Release|x64.ActiveCfg = Release|Any CPU
		{D77889A4-9E43-477A-AE53-71383BB2152B}.Release|x64.Build.0 = Release|Any CPU
		{D77889A4-9E43-477A-AE53-71383BB2152B}.Release|x86.ActiveCfg = Release|Any CPU
		{D77889A4-9E43-477A-AE53-71383BB2152B}.Release|x86.Build.0 = Release|Any CPU
		{04F43FAC-570C-4C5A-8B60-4CD1148FE00E}.Debug|Any CPU.ActiveCfg = Debug|Any CPU
		{04F43FAC-570C-4C5A-8B60-4CD1148FE00E}.Debug|Any CPU.Build.0 = Debug|Any CPU
		{04F43FAC-570C-4C5A-8B60-4CD1148FE00E}.Debug|x64.ActiveCfg = Debug|Any CPU
		{04F43FAC-570C-4C5A-8B60-4CD1148FE00E}.Debug|x64.Build.0 = Debug|Any CPU
		{04F43FAC-570C-4C5A-8B60-4CD1148FE00E}.Debug|x86.ActiveCfg = Debug|Any CPU
		{04F43FAC-570C-4C5A-8B60-4CD1148FE00E}.Debug|x86.Build.0 = Debug|Any CPU
		{04F43FAC-570C-4C5A-8B60-4CD1148FE00E}.Release|Any CPU.ActiveCfg = Release|Any CPU
		{04F43FAC-570C-4C5A-8B60-4CD1148FE00E}.Release|Any CPU.Build.0 = Release|Any CPU
		{04F43FAC-570C-4C5A-8B60-4CD1148FE00E}.Release|x64.ActiveCfg = Release|Any CPU
		{04F43FAC-570C-4C5A-8B60-4CD1148FE00E}.Release|x64.Build.0 = Release|Any CPU
		{04F43FAC-570C-4C5A-8B60-4CD1148FE00E}.Release|x86.ActiveCfg = Release|Any CPU
		{04F43FAC-570C-4C5A-8B60-4CD1148FE00E}.Release|x86.Build.0 = Release|Any CPU
		{779060BD-0BB1-43A2-8CC8-1B6DD3AD30AF}.Debug|Any CPU.ActiveCfg = Debug|Any CPU
		{779060BD-0BB1-43A2-8CC8-1B6DD3AD30AF}.Debug|Any CPU.Build.0 = Debug|Any CPU
		{779060BD-0BB1-43A2-8CC8-1B6DD3AD30AF}.Debug|x64.ActiveCfg = Debug|Any CPU
		{779060BD-0BB1-43A2-8CC8-1B6DD3AD30AF}.Debug|x64.Build.0 = Debug|Any CPU
		{779060BD-0BB1-43A2-8CC8-1B6DD3AD30AF}.Debug|x86.ActiveCfg = Debug|Any CPU
		{779060BD-0BB1-43A2-8CC8-1B6DD3AD30AF}.Debug|x86.Build.0 = Debug|Any CPU
		{779060BD-0BB1-43A2-8CC8-1B6DD3AD30AF}.Release|Any CPU.ActiveCfg = Release|Any CPU
		{779060BD-0BB1-43A2-8CC8-1B6DD3AD30AF}.Release|Any CPU.Build.0 = Release|Any CPU
		{779060BD-0BB1-43A2-8CC8-1B6DD3AD30AF}.Release|x64.ActiveCfg = Release|Any CPU
		{779060BD-0BB1-43A2-8CC8-1B6DD3AD30AF}.Release|x64.Build.0 = Release|Any CPU
		{779060BD-0BB1-43A2-8CC8-1B6DD3AD30AF}.Release|x86.ActiveCfg = Release|Any CPU
		{779060BD-0BB1-43A2-8CC8-1B6DD3AD30AF}.Release|x86.Build.0 = Release|Any CPU
		{D28B476D-AECA-4193-938B-E7BF73592C87}.Debug|Any CPU.ActiveCfg = Debug|Any CPU
		{D28B476D-AECA-4193-938B-E7BF73592C87}.Debug|Any CPU.Build.0 = Debug|Any CPU
		{D28B476D-AECA-4193-938B-E7BF73592C87}.Debug|x64.ActiveCfg = Debug|Any CPU
		{D28B476D-AECA-4193-938B-E7BF73592C87}.Debug|x64.Build.0 = Debug|Any CPU
		{D28B476D-AECA-4193-938B-E7BF73592C87}.Debug|x86.ActiveCfg = Debug|Any CPU
		{D28B476D-AECA-4193-938B-E7BF73592C87}.Debug|x86.Build.0 = Debug|Any CPU
		{D28B476D-AECA-4193-938B-E7BF73592C87}.Release|Any CPU.ActiveCfg = Release|Any CPU
		{D28B476D-AECA-4193-938B-E7BF73592C87}.Release|Any CPU.Build.0 = Release|Any CPU
		{D28B476D-AECA-4193-938B-E7BF73592C87}.Release|x64.ActiveCfg = Release|Any CPU
		{D28B476D-AECA-4193-938B-E7BF73592C87}.Release|x64.Build.0 = Release|Any CPU
		{D28B476D-AECA-4193-938B-E7BF73592C87}.Release|x86.ActiveCfg = Release|Any CPU
		{D28B476D-AECA-4193-938B-E7BF73592C87}.Release|x86.Build.0 = Release|Any CPU
		{98C741CD-753E-4A59-B804-E48AC842C336}.Debug|Any CPU.ActiveCfg = Debug|Any CPU
		{98C741CD-753E-4A59-B804-E48AC842C336}.Debug|Any CPU.Build.0 = Debug|Any CPU
		{98C741CD-753E-4A59-B804-E48AC842C336}.Debug|x64.ActiveCfg = Debug|Any CPU
		{98C741CD-753E-4A59-B804-E48AC842C336}.Debug|x64.Build.0 = Debug|Any CPU
		{98C741CD-753E-4A59-B804-E48AC842C336}.Debug|x86.ActiveCfg = Debug|Any CPU
		{98C741CD-753E-4A59-B804-E48AC842C336}.Debug|x86.Build.0 = Debug|Any CPU
		{98C741CD-753E-4A59-B804-E48AC842C336}.Release|Any CPU.ActiveCfg = Release|Any CPU
		{98C741CD-753E-4A59-B804-E48AC842C336}.Release|Any CPU.Build.0 = Release|Any CPU
		{98C741CD-753E-4A59-B804-E48AC842C336}.Release|x64.ActiveCfg = Release|Any CPU
		{98C741CD-753E-4A59-B804-E48AC842C336}.Release|x64.Build.0 = Release|Any CPU
		{98C741CD-753E-4A59-B804-E48AC842C336}.Release|x86.ActiveCfg = Release|Any CPU
		{98C741CD-753E-4A59-B804-E48AC842C336}.Release|x86.Build.0 = Release|Any CPU
		{B73EEC2D-56D1-4A47-AB48-3D080B20332F}.Debug|Any CPU.ActiveCfg = Debug|Any CPU
		{B73EEC2D-56D1-4A47-AB48-3D080B20332F}.Debug|Any CPU.Build.0 = Debug|Any CPU
		{B73EEC2D-56D1-4A47-AB48-3D080B20332F}.Debug|x64.ActiveCfg = Debug|Any CPU
		{B73EEC2D-56D1-4A47-AB48-3D080B20332F}.Debug|x64.Build.0 = Debug|Any CPU
		{B73EEC2D-56D1-4A47-AB48-3D080B20332F}.Debug|x86.ActiveCfg = Debug|Any CPU
		{B73EEC2D-56D1-4A47-AB48-3D080B20332F}.Debug|x86.Build.0 = Debug|Any CPU
		{B73EEC2D-56D1-4A47-AB48-3D080B20332F}.Release|Any CPU.ActiveCfg = Release|Any CPU
		{B73EEC2D-56D1-4A47-AB48-3D080B20332F}.Release|Any CPU.Build.0 = Release|Any CPU
		{B73EEC2D-56D1-4A47-AB48-3D080B20332F}.Release|x64.ActiveCfg = Release|Any CPU
		{B73EEC2D-56D1-4A47-AB48-3D080B20332F}.Release|x64.Build.0 = Release|Any CPU
		{B73EEC2D-56D1-4A47-AB48-3D080B20332F}.Release|x86.ActiveCfg = Release|Any CPU
		{B73EEC2D-56D1-4A47-AB48-3D080B20332F}.Release|x86.Build.0 = Release|Any CPU
		{763CA348-5479-45BB-8F2A-9793987FC4CC}.Debug|Any CPU.ActiveCfg = Debug|Any CPU
		{763CA348-5479-45BB-8F2A-9793987FC4CC}.Debug|Any CPU.Build.0 = Debug|Any CPU
		{763CA348-5479-45BB-8F2A-9793987FC4CC}.Debug|x64.ActiveCfg = Debug|Any CPU
		{763CA348-5479-45BB-8F2A-9793987FC4CC}.Debug|x64.Build.0 = Debug|Any CPU
		{763CA348-5479-45BB-8F2A-9793987FC4CC}.Debug|x86.ActiveCfg = Debug|Any CPU
		{763CA348-5479-45BB-8F2A-9793987FC4CC}.Debug|x86.Build.0 = Debug|Any CPU
		{763CA348-5479-45BB-8F2A-9793987FC4CC}.Release|Any CPU.ActiveCfg = Release|Any CPU
		{763CA348-5479-45BB-8F2A-9793987FC4CC}.Release|Any CPU.Build.0 = Release|Any CPU
		{763CA348-5479-45BB-8F2A-9793987FC4CC}.Release|x64.ActiveCfg = Release|Any CPU
		{763CA348-5479-45BB-8F2A-9793987FC4CC}.Release|x64.Build.0 = Release|Any CPU
		{763CA348-5479-45BB-8F2A-9793987FC4CC}.Release|x86.ActiveCfg = Release|Any CPU
		{763CA348-5479-45BB-8F2A-9793987FC4CC}.Release|x86.Build.0 = Release|Any CPU
		{F08C7015-65AC-49FD-8922-B6B45DB18C2A}.Debug|Any CPU.ActiveCfg = Debug|Any CPU
		{F08C7015-65AC-49FD-8922-B6B45DB18C2A}.Debug|Any CPU.Build.0 = Debug|Any CPU
		{F08C7015-65AC-49FD-8922-B6B45DB18C2A}.Debug|x64.ActiveCfg = Debug|Any CPU
		{F08C7015-65AC-49FD-8922-B6B45DB18C2A}.Debug|x64.Build.0 = Debug|Any CPU
		{F08C7015-65AC-49FD-8922-B6B45DB18C2A}.Debug|x86.ActiveCfg = Debug|Any CPU
		{F08C7015-65AC-49FD-8922-B6B45DB18C2A}.Debug|x86.Build.0 = Debug|Any CPU
		{F08C7015-65AC-49FD-8922-B6B45DB18C2A}.Release|Any CPU.ActiveCfg = Release|Any CPU
		{F08C7015-65AC-49FD-8922-B6B45DB18C2A}.Release|Any CPU.Build.0 = Release|Any CPU
		{F08C7015-65AC-49FD-8922-B6B45DB18C2A}.Release|x64.ActiveCfg = Release|Any CPU
		{F08C7015-65AC-49FD-8922-B6B45DB18C2A}.Release|x64.Build.0 = Release|Any CPU
		{F08C7015-65AC-49FD-8922-B6B45DB18C2A}.Release|x86.ActiveCfg = Release|Any CPU
		{F08C7015-65AC-49FD-8922-B6B45DB18C2A}.Release|x86.Build.0 = Release|Any CPU
		{0AAC60D8-5851-4860-B93E-57893E29DAE4}.Debug|Any CPU.ActiveCfg = Debug|Any CPU
		{0AAC60D8-5851-4860-B93E-57893E29DAE4}.Debug|Any CPU.Build.0 = Debug|Any CPU
		{0AAC60D8-5851-4860-B93E-57893E29DAE4}.Debug|x64.ActiveCfg = Debug|Any CPU
		{0AAC60D8-5851-4860-B93E-57893E29DAE4}.Debug|x64.Build.0 = Debug|Any CPU
		{0AAC60D8-5851-4860-B93E-57893E29DAE4}.Debug|x86.ActiveCfg = Debug|Any CPU
		{0AAC60D8-5851-4860-B93E-57893E29DAE4}.Debug|x86.Build.0 = Debug|Any CPU
		{0AAC60D8-5851-4860-B93E-57893E29DAE4}.Release|Any CPU.ActiveCfg = Release|Any CPU
		{0AAC60D8-5851-4860-B93E-57893E29DAE4}.Release|Any CPU.Build.0 = Release|Any CPU
		{0AAC60D8-5851-4860-B93E-57893E29DAE4}.Release|x64.ActiveCfg = Release|Any CPU
		{0AAC60D8-5851-4860-B93E-57893E29DAE4}.Release|x64.Build.0 = Release|Any CPU
		{0AAC60D8-5851-4860-B93E-57893E29DAE4}.Release|x86.ActiveCfg = Release|Any CPU
		{0AAC60D8-5851-4860-B93E-57893E29DAE4}.Release|x86.Build.0 = Release|Any CPU
		{117AF062-8C99-4C7B-92E5-7DDE1716BA3A}.Debug|Any CPU.ActiveCfg = Debug|Any CPU
		{117AF062-8C99-4C7B-92E5-7DDE1716BA3A}.Debug|Any CPU.Build.0 = Debug|Any CPU
		{117AF062-8C99-4C7B-92E5-7DDE1716BA3A}.Debug|x64.ActiveCfg = Debug|Any CPU
		{117AF062-8C99-4C7B-92E5-7DDE1716BA3A}.Debug|x64.Build.0 = Debug|Any CPU
		{117AF062-8C99-4C7B-92E5-7DDE1716BA3A}.Debug|x86.ActiveCfg = Debug|Any CPU
		{117AF062-8C99-4C7B-92E5-7DDE1716BA3A}.Debug|x86.Build.0 = Debug|Any CPU
		{117AF062-8C99-4C7B-92E5-7DDE1716BA3A}.Release|Any CPU.ActiveCfg = Release|Any CPU
		{117AF062-8C99-4C7B-92E5-7DDE1716BA3A}.Release|Any CPU.Build.0 = Release|Any CPU
		{117AF062-8C99-4C7B-92E5-7DDE1716BA3A}.Release|x64.ActiveCfg = Release|Any CPU
		{117AF062-8C99-4C7B-92E5-7DDE1716BA3A}.Release|x64.Build.0 = Release|Any CPU
		{117AF062-8C99-4C7B-92E5-7DDE1716BA3A}.Release|x86.ActiveCfg = Release|Any CPU
		{117AF062-8C99-4C7B-92E5-7DDE1716BA3A}.Release|x86.Build.0 = Release|Any CPU
		{53671FE3-22C3-4CF0-B407-EB0A360AE327}.Debug|Any CPU.ActiveCfg = Debug|Any CPU
		{53671FE3-22C3-4CF0-B407-EB0A360AE327}.Debug|Any CPU.Build.0 = Debug|Any CPU
		{53671FE3-22C3-4CF0-B407-EB0A360AE327}.Debug|x64.ActiveCfg = Debug|Any CPU
		{53671FE3-22C3-4CF0-B407-EB0A360AE327}.Debug|x64.Build.0 = Debug|Any CPU
		{53671FE3-22C3-4CF0-B407-EB0A360AE327}.Debug|x86.ActiveCfg = Debug|Any CPU
		{53671FE3-22C3-4CF0-B407-EB0A360AE327}.Debug|x86.Build.0 = Debug|Any CPU
		{53671FE3-22C3-4CF0-B407-EB0A360AE327}.Release|Any CPU.ActiveCfg = Release|Any CPU
		{53671FE3-22C3-4CF0-B407-EB0A360AE327}.Release|Any CPU.Build.0 = Release|Any CPU
		{53671FE3-22C3-4CF0-B407-EB0A360AE327}.Release|x64.ActiveCfg = Release|Any CPU
		{53671FE3-22C3-4CF0-B407-EB0A360AE327}.Release|x64.Build.0 = Release|Any CPU
		{53671FE3-22C3-4CF0-B407-EB0A360AE327}.Release|x86.ActiveCfg = Release|Any CPU
		{53671FE3-22C3-4CF0-B407-EB0A360AE327}.Release|x86.Build.0 = Release|Any CPU
		{E1DA98FA-A317-4439-8C38-1034B502F7C7}.Debug|Any CPU.ActiveCfg = Debug|Any CPU
		{E1DA98FA-A317-4439-8C38-1034B502F7C7}.Debug|Any CPU.Build.0 = Debug|Any CPU
		{E1DA98FA-A317-4439-8C38-1034B502F7C7}.Debug|x64.ActiveCfg = Debug|Any CPU
		{E1DA98FA-A317-4439-8C38-1034B502F7C7}.Debug|x64.Build.0 = Debug|Any CPU
		{E1DA98FA-A317-4439-8C38-1034B502F7C7}.Debug|x86.ActiveCfg = Debug|Any CPU
		{E1DA98FA-A317-4439-8C38-1034B502F7C7}.Debug|x86.Build.0 = Debug|Any CPU
		{E1DA98FA-A317-4439-8C38-1034B502F7C7}.Release|Any CPU.ActiveCfg = Release|Any CPU
		{E1DA98FA-A317-4439-8C38-1034B502F7C7}.Release|Any CPU.Build.0 = Release|Any CPU
		{E1DA98FA-A317-4439-8C38-1034B502F7C7}.Release|x64.ActiveCfg = Release|Any CPU
		{E1DA98FA-A317-4439-8C38-1034B502F7C7}.Release|x64.Build.0 = Release|Any CPU
		{E1DA98FA-A317-4439-8C38-1034B502F7C7}.Release|x86.ActiveCfg = Release|Any CPU
		{E1DA98FA-A317-4439-8C38-1034B502F7C7}.Release|x86.Build.0 = Release|Any CPU
		{0656C4DC-8839-4C5E-86DD-9DEC282AF527}.Debug|Any CPU.ActiveCfg = Debug|Any CPU
		{0656C4DC-8839-4C5E-86DD-9DEC282AF527}.Debug|Any CPU.Build.0 = Debug|Any CPU
		{0656C4DC-8839-4C5E-86DD-9DEC282AF527}.Debug|x64.ActiveCfg = Debug|Any CPU
		{0656C4DC-8839-4C5E-86DD-9DEC282AF527}.Debug|x64.Build.0 = Debug|Any CPU
		{0656C4DC-8839-4C5E-86DD-9DEC282AF527}.Debug|x86.ActiveCfg = Debug|Any CPU
		{0656C4DC-8839-4C5E-86DD-9DEC282AF527}.Debug|x86.Build.0 = Debug|Any CPU
		{0656C4DC-8839-4C5E-86DD-9DEC282AF527}.Release|Any CPU.ActiveCfg = Release|Any CPU
		{0656C4DC-8839-4C5E-86DD-9DEC282AF527}.Release|Any CPU.Build.0 = Release|Any CPU
		{0656C4DC-8839-4C5E-86DD-9DEC282AF527}.Release|x64.ActiveCfg = Release|Any CPU
		{0656C4DC-8839-4C5E-86DD-9DEC282AF527}.Release|x64.Build.0 = Release|Any CPU
		{0656C4DC-8839-4C5E-86DD-9DEC282AF527}.Release|x86.ActiveCfg = Release|Any CPU
		{0656C4DC-8839-4C5E-86DD-9DEC282AF527}.Release|x86.Build.0 = Release|Any CPU
		{CF298176-0BF6-4F51-B948-C54C92B6489A}.Debug|Any CPU.ActiveCfg = Debug|Any CPU
		{CF298176-0BF6-4F51-B948-C54C92B6489A}.Debug|Any CPU.Build.0 = Debug|Any CPU
		{CF298176-0BF6-4F51-B948-C54C92B6489A}.Debug|x64.ActiveCfg = Debug|Any CPU
		{CF298176-0BF6-4F51-B948-C54C92B6489A}.Debug|x64.Build.0 = Debug|Any CPU
		{CF298176-0BF6-4F51-B948-C54C92B6489A}.Debug|x86.ActiveCfg = Debug|Any CPU
		{CF298176-0BF6-4F51-B948-C54C92B6489A}.Debug|x86.Build.0 = Debug|Any CPU
		{CF298176-0BF6-4F51-B948-C54C92B6489A}.Release|Any CPU.ActiveCfg = Release|Any CPU
		{CF298176-0BF6-4F51-B948-C54C92B6489A}.Release|Any CPU.Build.0 = Release|Any CPU
		{CF298176-0BF6-4F51-B948-C54C92B6489A}.Release|x64.ActiveCfg = Release|Any CPU
		{CF298176-0BF6-4F51-B948-C54C92B6489A}.Release|x64.Build.0 = Release|Any CPU
		{CF298176-0BF6-4F51-B948-C54C92B6489A}.Release|x86.ActiveCfg = Release|Any CPU
		{CF298176-0BF6-4F51-B948-C54C92B6489A}.Release|x86.Build.0 = Release|Any CPU
		{85E43D1E-676E-4C2F-A342-005B88974E4B}.Debug|Any CPU.ActiveCfg = Debug|Any CPU
		{85E43D1E-676E-4C2F-A342-005B88974E4B}.Debug|Any CPU.Build.0 = Debug|Any CPU
		{85E43D1E-676E-4C2F-A342-005B88974E4B}.Debug|x64.ActiveCfg = Debug|Any CPU
		{85E43D1E-676E-4C2F-A342-005B88974E4B}.Debug|x64.Build.0 = Debug|Any CPU
		{85E43D1E-676E-4C2F-A342-005B88974E4B}.Debug|x86.ActiveCfg = Debug|Any CPU
		{85E43D1E-676E-4C2F-A342-005B88974E4B}.Debug|x86.Build.0 = Debug|Any CPU
		{85E43D1E-676E-4C2F-A342-005B88974E4B}.Release|Any CPU.ActiveCfg = Release|Any CPU
		{85E43D1E-676E-4C2F-A342-005B88974E4B}.Release|Any CPU.Build.0 = Release|Any CPU
		{85E43D1E-676E-4C2F-A342-005B88974E4B}.Release|x64.ActiveCfg = Release|Any CPU
		{85E43D1E-676E-4C2F-A342-005B88974E4B}.Release|x64.Build.0 = Release|Any CPU
		{85E43D1E-676E-4C2F-A342-005B88974E4B}.Release|x86.ActiveCfg = Release|Any CPU
		{85E43D1E-676E-4C2F-A342-005B88974E4B}.Release|x86.Build.0 = Release|Any CPU
		{6BE3C2DC-9FFA-444F-8A08-ECEE8F1B0DB7}.Debug|Any CPU.ActiveCfg = Debug|Any CPU
		{6BE3C2DC-9FFA-444F-8A08-ECEE8F1B0DB7}.Debug|Any CPU.Build.0 = Debug|Any CPU
		{6BE3C2DC-9FFA-444F-8A08-ECEE8F1B0DB7}.Debug|x64.ActiveCfg = Debug|Any CPU
		{6BE3C2DC-9FFA-444F-8A08-ECEE8F1B0DB7}.Debug|x64.Build.0 = Debug|Any CPU
		{6BE3C2DC-9FFA-444F-8A08-ECEE8F1B0DB7}.Debug|x86.ActiveCfg = Debug|Any CPU
		{6BE3C2DC-9FFA-444F-8A08-ECEE8F1B0DB7}.Debug|x86.Build.0 = Debug|Any CPU
		{6BE3C2DC-9FFA-444F-8A08-ECEE8F1B0DB7}.Release|Any CPU.ActiveCfg = Release|Any CPU
		{6BE3C2DC-9FFA-444F-8A08-ECEE8F1B0DB7}.Release|Any CPU.Build.0 = Release|Any CPU
		{6BE3C2DC-9FFA-444F-8A08-ECEE8F1B0DB7}.Release|x64.ActiveCfg = Release|Any CPU
		{6BE3C2DC-9FFA-444F-8A08-ECEE8F1B0DB7}.Release|x64.Build.0 = Release|Any CPU
		{6BE3C2DC-9FFA-444F-8A08-ECEE8F1B0DB7}.Release|x86.ActiveCfg = Release|Any CPU
		{6BE3C2DC-9FFA-444F-8A08-ECEE8F1B0DB7}.Release|x86.Build.0 = Release|Any CPU
		{CF4A07D3-5693-49E0-9A90-3149EAF3383C}.Debug|Any CPU.ActiveCfg = Debug|Any CPU
		{CF4A07D3-5693-49E0-9A90-3149EAF3383C}.Debug|Any CPU.Build.0 = Debug|Any CPU
		{CF4A07D3-5693-49E0-9A90-3149EAF3383C}.Debug|x64.ActiveCfg = Debug|Any CPU
		{CF4A07D3-5693-49E0-9A90-3149EAF3383C}.Debug|x64.Build.0 = Debug|Any CPU
		{CF4A07D3-5693-49E0-9A90-3149EAF3383C}.Debug|x86.ActiveCfg = Debug|Any CPU
		{CF4A07D3-5693-49E0-9A90-3149EAF3383C}.Debug|x86.Build.0 = Debug|Any CPU
		{CF4A07D3-5693-49E0-9A90-3149EAF3383C}.Release|Any CPU.ActiveCfg = Release|Any CPU
		{CF4A07D3-5693-49E0-9A90-3149EAF3383C}.Release|Any CPU.Build.0 = Release|Any CPU
		{CF4A07D3-5693-49E0-9A90-3149EAF3383C}.Release|x64.ActiveCfg = Release|Any CPU
		{CF4A07D3-5693-49E0-9A90-3149EAF3383C}.Release|x64.Build.0 = Release|Any CPU
		{CF4A07D3-5693-49E0-9A90-3149EAF3383C}.Release|x86.ActiveCfg = Release|Any CPU
		{CF4A07D3-5693-49E0-9A90-3149EAF3383C}.Release|x86.Build.0 = Release|Any CPU
		{E08205B2-A716-4EF9-95A3-BB554D2D989C}.Debug|Any CPU.ActiveCfg = Debug|Any CPU
		{E08205B2-A716-4EF9-95A3-BB554D2D989C}.Debug|Any CPU.Build.0 = Debug|Any CPU
		{E08205B2-A716-4EF9-95A3-BB554D2D989C}.Debug|x64.ActiveCfg = Debug|Any CPU
		{E08205B2-A716-4EF9-95A3-BB554D2D989C}.Debug|x64.Build.0 = Debug|Any CPU
		{E08205B2-A716-4EF9-95A3-BB554D2D989C}.Debug|x86.ActiveCfg = Debug|Any CPU
		{E08205B2-A716-4EF9-95A3-BB554D2D989C}.Debug|x86.Build.0 = Debug|Any CPU
		{E08205B2-A716-4EF9-95A3-BB554D2D989C}.Release|Any CPU.ActiveCfg = Release|Any CPU
		{E08205B2-A716-4EF9-95A3-BB554D2D989C}.Release|Any CPU.Build.0 = Release|Any CPU
		{E08205B2-A716-4EF9-95A3-BB554D2D989C}.Release|x64.ActiveCfg = Release|Any CPU
		{E08205B2-A716-4EF9-95A3-BB554D2D989C}.Release|x64.Build.0 = Release|Any CPU
		{E08205B2-A716-4EF9-95A3-BB554D2D989C}.Release|x86.ActiveCfg = Release|Any CPU
		{E08205B2-A716-4EF9-95A3-BB554D2D989C}.Release|x86.Build.0 = Release|Any CPU
		{83CDBDC1-8FC7-4993-B0FC-C83037A2F181}.Debug|Any CPU.ActiveCfg = Debug|Any CPU
		{83CDBDC1-8FC7-4993-B0FC-C83037A2F181}.Debug|Any CPU.Build.0 = Debug|Any CPU
		{83CDBDC1-8FC7-4993-B0FC-C83037A2F181}.Debug|x64.ActiveCfg = Debug|Any CPU
		{83CDBDC1-8FC7-4993-B0FC-C83037A2F181}.Debug|x64.Build.0 = Debug|Any CPU
		{83CDBDC1-8FC7-4993-B0FC-C83037A2F181}.Debug|x86.ActiveCfg = Debug|Any CPU
		{83CDBDC1-8FC7-4993-B0FC-C83037A2F181}.Debug|x86.Build.0 = Debug|Any CPU
		{83CDBDC1-8FC7-4993-B0FC-C83037A2F181}.Release|Any CPU.ActiveCfg = Release|Any CPU
		{83CDBDC1-8FC7-4993-B0FC-C83037A2F181}.Release|Any CPU.Build.0 = Release|Any CPU
		{83CDBDC1-8FC7-4993-B0FC-C83037A2F181}.Release|x64.ActiveCfg = Release|Any CPU
		{83CDBDC1-8FC7-4993-B0FC-C83037A2F181}.Release|x64.Build.0 = Release|Any CPU
		{83CDBDC1-8FC7-4993-B0FC-C83037A2F181}.Release|x86.ActiveCfg = Release|Any CPU
		{83CDBDC1-8FC7-4993-B0FC-C83037A2F181}.Release|x86.Build.0 = Release|Any CPU
		{98A046D7-E9CA-44C8-A888-FDE08D00E964}.Debug|Any CPU.ActiveCfg = Debug|Any CPU
		{98A046D7-E9CA-44C8-A888-FDE08D00E964}.Debug|Any CPU.Build.0 = Debug|Any CPU
		{98A046D7-E9CA-44C8-A888-FDE08D00E964}.Debug|x64.ActiveCfg = Debug|Any CPU
		{98A046D7-E9CA-44C8-A888-FDE08D00E964}.Debug|x64.Build.0 = Debug|Any CPU
		{98A046D7-E9CA-44C8-A888-FDE08D00E964}.Debug|x86.ActiveCfg = Debug|Any CPU
		{98A046D7-E9CA-44C8-A888-FDE08D00E964}.Debug|x86.Build.0 = Debug|Any CPU
		{98A046D7-E9CA-44C8-A888-FDE08D00E964}.Release|Any CPU.ActiveCfg = Release|Any CPU
		{98A046D7-E9CA-44C8-A888-FDE08D00E964}.Release|Any CPU.Build.0 = Release|Any CPU
		{98A046D7-E9CA-44C8-A888-FDE08D00E964}.Release|x64.ActiveCfg = Release|Any CPU
		{98A046D7-E9CA-44C8-A888-FDE08D00E964}.Release|x64.Build.0 = Release|Any CPU
		{98A046D7-E9CA-44C8-A888-FDE08D00E964}.Release|x86.ActiveCfg = Release|Any CPU
		{98A046D7-E9CA-44C8-A888-FDE08D00E964}.Release|x86.Build.0 = Release|Any CPU
		{DD270714-BC23-495B-86DF-7B892A194FAC}.Debug|Any CPU.ActiveCfg = Debug|Any CPU
		{DD270714-BC23-495B-86DF-7B892A194FAC}.Debug|Any CPU.Build.0 = Debug|Any CPU
		{DD270714-BC23-495B-86DF-7B892A194FAC}.Debug|x64.ActiveCfg = Debug|Any CPU
		{DD270714-BC23-495B-86DF-7B892A194FAC}.Debug|x64.Build.0 = Debug|Any CPU
		{DD270714-BC23-495B-86DF-7B892A194FAC}.Debug|x86.ActiveCfg = Debug|Any CPU
		{DD270714-BC23-495B-86DF-7B892A194FAC}.Debug|x86.Build.0 = Debug|Any CPU
		{DD270714-BC23-495B-86DF-7B892A194FAC}.Release|Any CPU.ActiveCfg = Release|Any CPU
		{DD270714-BC23-495B-86DF-7B892A194FAC}.Release|Any CPU.Build.0 = Release|Any CPU
		{DD270714-BC23-495B-86DF-7B892A194FAC}.Release|x64.ActiveCfg = Release|Any CPU
		{DD270714-BC23-495B-86DF-7B892A194FAC}.Release|x64.Build.0 = Release|Any CPU
		{DD270714-BC23-495B-86DF-7B892A194FAC}.Release|x86.ActiveCfg = Release|Any CPU
		{DD270714-BC23-495B-86DF-7B892A194FAC}.Release|x86.Build.0 = Release|Any CPU
		{2941CC87-0CAB-4040-B6C3-54AE1A01A29A}.Debug|Any CPU.ActiveCfg = Debug|Any CPU
		{2941CC87-0CAB-4040-B6C3-54AE1A01A29A}.Debug|Any CPU.Build.0 = Debug|Any CPU
		{2941CC87-0CAB-4040-B6C3-54AE1A01A29A}.Debug|x64.ActiveCfg = Debug|Any CPU
		{2941CC87-0CAB-4040-B6C3-54AE1A01A29A}.Debug|x64.Build.0 = Debug|Any CPU
		{2941CC87-0CAB-4040-B6C3-54AE1A01A29A}.Debug|x86.ActiveCfg = Debug|Any CPU
		{2941CC87-0CAB-4040-B6C3-54AE1A01A29A}.Debug|x86.Build.0 = Debug|Any CPU
		{2941CC87-0CAB-4040-B6C3-54AE1A01A29A}.Release|Any CPU.ActiveCfg = Release|Any CPU
		{2941CC87-0CAB-4040-B6C3-54AE1A01A29A}.Release|Any CPU.Build.0 = Release|Any CPU
		{2941CC87-0CAB-4040-B6C3-54AE1A01A29A}.Release|x64.ActiveCfg = Release|Any CPU
		{2941CC87-0CAB-4040-B6C3-54AE1A01A29A}.Release|x64.Build.0 = Release|Any CPU
		{2941CC87-0CAB-4040-B6C3-54AE1A01A29A}.Release|x86.ActiveCfg = Release|Any CPU
		{2941CC87-0CAB-4040-B6C3-54AE1A01A29A}.Release|x86.Build.0 = Release|Any CPU
		{46ABB933-2D67-446C-AAE3-7D5E9227FD04}.Debug|Any CPU.ActiveCfg = Debug|Any CPU
		{46ABB933-2D67-446C-AAE3-7D5E9227FD04}.Debug|Any CPU.Build.0 = Debug|Any CPU
		{46ABB933-2D67-446C-AAE3-7D5E9227FD04}.Debug|x64.ActiveCfg = Debug|Any CPU
		{46ABB933-2D67-446C-AAE3-7D5E9227FD04}.Debug|x64.Build.0 = Debug|Any CPU
		{46ABB933-2D67-446C-AAE3-7D5E9227FD04}.Debug|x86.ActiveCfg = Debug|Any CPU
		{46ABB933-2D67-446C-AAE3-7D5E9227FD04}.Debug|x86.Build.0 = Debug|Any CPU
		{46ABB933-2D67-446C-AAE3-7D5E9227FD04}.Release|Any CPU.ActiveCfg = Release|Any CPU
		{46ABB933-2D67-446C-AAE3-7D5E9227FD04}.Release|Any CPU.Build.0 = Release|Any CPU
		{46ABB933-2D67-446C-AAE3-7D5E9227FD04}.Release|x64.ActiveCfg = Release|Any CPU
		{46ABB933-2D67-446C-AAE3-7D5E9227FD04}.Release|x64.Build.0 = Release|Any CPU
		{46ABB933-2D67-446C-AAE3-7D5E9227FD04}.Release|x86.ActiveCfg = Release|Any CPU
		{46ABB933-2D67-446C-AAE3-7D5E9227FD04}.Release|x86.Build.0 = Release|Any CPU
		{DC70620E-D544-487C-941A-687DC07C377D}.Debug|Any CPU.ActiveCfg = Debug|Any CPU
		{DC70620E-D544-487C-941A-687DC07C377D}.Debug|Any CPU.Build.0 = Debug|Any CPU
		{DC70620E-D544-487C-941A-687DC07C377D}.Debug|x64.ActiveCfg = Debug|Any CPU
		{DC70620E-D544-487C-941A-687DC07C377D}.Debug|x64.Build.0 = Debug|Any CPU
		{DC70620E-D544-487C-941A-687DC07C377D}.Debug|x86.ActiveCfg = Debug|Any CPU
		{DC70620E-D544-487C-941A-687DC07C377D}.Debug|x86.Build.0 = Debug|Any CPU
		{DC70620E-D544-487C-941A-687DC07C377D}.Release|Any CPU.ActiveCfg = Release|Any CPU
		{DC70620E-D544-487C-941A-687DC07C377D}.Release|Any CPU.Build.0 = Release|Any CPU
		{DC70620E-D544-487C-941A-687DC07C377D}.Release|x64.ActiveCfg = Release|Any CPU
		{DC70620E-D544-487C-941A-687DC07C377D}.Release|x64.Build.0 = Release|Any CPU
		{DC70620E-D544-487C-941A-687DC07C377D}.Release|x86.ActiveCfg = Release|Any CPU
		{DC70620E-D544-487C-941A-687DC07C377D}.Release|x86.Build.0 = Release|Any CPU
		{7AE7276A-503F-4B98-AE94-CAA2EAA020D6}.Debug|Any CPU.ActiveCfg = Debug|Any CPU
		{7AE7276A-503F-4B98-AE94-CAA2EAA020D6}.Debug|Any CPU.Build.0 = Debug|Any CPU
		{7AE7276A-503F-4B98-AE94-CAA2EAA020D6}.Debug|x64.ActiveCfg = Debug|Any CPU
		{7AE7276A-503F-4B98-AE94-CAA2EAA020D6}.Debug|x64.Build.0 = Debug|Any CPU
		{7AE7276A-503F-4B98-AE94-CAA2EAA020D6}.Debug|x86.ActiveCfg = Debug|Any CPU
		{7AE7276A-503F-4B98-AE94-CAA2EAA020D6}.Debug|x86.Build.0 = Debug|Any CPU
		{7AE7276A-503F-4B98-AE94-CAA2EAA020D6}.Release|Any CPU.ActiveCfg = Release|Any CPU
		{7AE7276A-503F-4B98-AE94-CAA2EAA020D6}.Release|Any CPU.Build.0 = Release|Any CPU
		{7AE7276A-503F-4B98-AE94-CAA2EAA020D6}.Release|x64.ActiveCfg = Release|Any CPU
		{7AE7276A-503F-4B98-AE94-CAA2EAA020D6}.Release|x64.Build.0 = Release|Any CPU
		{7AE7276A-503F-4B98-AE94-CAA2EAA020D6}.Release|x86.ActiveCfg = Release|Any CPU
		{7AE7276A-503F-4B98-AE94-CAA2EAA020D6}.Release|x86.Build.0 = Release|Any CPU
		{6FAEA320-1642-4C58-BA19-9233AC22C434}.Debug|Any CPU.ActiveCfg = Debug|Any CPU
		{6FAEA320-1642-4C58-BA19-9233AC22C434}.Debug|Any CPU.Build.0 = Debug|Any CPU
		{6FAEA320-1642-4C58-BA19-9233AC22C434}.Debug|x64.ActiveCfg = Debug|Any CPU
		{6FAEA320-1642-4C58-BA19-9233AC22C434}.Debug|x64.Build.0 = Debug|Any CPU
		{6FAEA320-1642-4C58-BA19-9233AC22C434}.Debug|x86.ActiveCfg = Debug|Any CPU
		{6FAEA320-1642-4C58-BA19-9233AC22C434}.Debug|x86.Build.0 = Debug|Any CPU
		{6FAEA320-1642-4C58-BA19-9233AC22C434}.Release|Any CPU.ActiveCfg = Release|Any CPU
		{6FAEA320-1642-4C58-BA19-9233AC22C434}.Release|Any CPU.Build.0 = Release|Any CPU
		{6FAEA320-1642-4C58-BA19-9233AC22C434}.Release|x64.ActiveCfg = Release|Any CPU
		{6FAEA320-1642-4C58-BA19-9233AC22C434}.Release|x64.Build.0 = Release|Any CPU
		{6FAEA320-1642-4C58-BA19-9233AC22C434}.Release|x86.ActiveCfg = Release|Any CPU
		{6FAEA320-1642-4C58-BA19-9233AC22C434}.Release|x86.Build.0 = Release|Any CPU
		{1204718C-33D1-4044-8F85-84FDF956F47B}.Debug|Any CPU.ActiveCfg = Debug|Any CPU
		{1204718C-33D1-4044-8F85-84FDF956F47B}.Debug|Any CPU.Build.0 = Debug|Any CPU
		{1204718C-33D1-4044-8F85-84FDF956F47B}.Debug|x64.ActiveCfg = Debug|Any CPU
		{1204718C-33D1-4044-8F85-84FDF956F47B}.Debug|x64.Build.0 = Debug|Any CPU
		{1204718C-33D1-4044-8F85-84FDF956F47B}.Debug|x86.ActiveCfg = Debug|Any CPU
		{1204718C-33D1-4044-8F85-84FDF956F47B}.Debug|x86.Build.0 = Debug|Any CPU
		{1204718C-33D1-4044-8F85-84FDF956F47B}.Release|Any CPU.ActiveCfg = Release|Any CPU
		{1204718C-33D1-4044-8F85-84FDF956F47B}.Release|Any CPU.Build.0 = Release|Any CPU
		{1204718C-33D1-4044-8F85-84FDF956F47B}.Release|x64.ActiveCfg = Release|Any CPU
		{1204718C-33D1-4044-8F85-84FDF956F47B}.Release|x64.Build.0 = Release|Any CPU
		{1204718C-33D1-4044-8F85-84FDF956F47B}.Release|x86.ActiveCfg = Release|Any CPU
		{1204718C-33D1-4044-8F85-84FDF956F47B}.Release|x86.Build.0 = Release|Any CPU
		{4225B7A0-340E-40F9-AC25-731252500261}.Debug|Any CPU.ActiveCfg = Debug|Any CPU
		{4225B7A0-340E-40F9-AC25-731252500261}.Debug|Any CPU.Build.0 = Debug|Any CPU
		{4225B7A0-340E-40F9-AC25-731252500261}.Debug|x64.ActiveCfg = Debug|Any CPU
		{4225B7A0-340E-40F9-AC25-731252500261}.Debug|x64.Build.0 = Debug|Any CPU
		{4225B7A0-340E-40F9-AC25-731252500261}.Debug|x86.ActiveCfg = Debug|Any CPU
		{4225B7A0-340E-40F9-AC25-731252500261}.Debug|x86.Build.0 = Debug|Any CPU
		{4225B7A0-340E-40F9-AC25-731252500261}.Release|Any CPU.ActiveCfg = Release|Any CPU
		{4225B7A0-340E-40F9-AC25-731252500261}.Release|Any CPU.Build.0 = Release|Any CPU
		{4225B7A0-340E-40F9-AC25-731252500261}.Release|x64.ActiveCfg = Release|Any CPU
		{4225B7A0-340E-40F9-AC25-731252500261}.Release|x64.Build.0 = Release|Any CPU
		{4225B7A0-340E-40F9-AC25-731252500261}.Release|x86.ActiveCfg = Release|Any CPU
		{4225B7A0-340E-40F9-AC25-731252500261}.Release|x86.Build.0 = Release|Any CPU
		{2C69B6C9-1B50-4444-946E-D182EC55138D}.Debug|Any CPU.ActiveCfg = Debug|Any CPU
		{2C69B6C9-1B50-4444-946E-D182EC55138D}.Debug|Any CPU.Build.0 = Debug|Any CPU
		{2C69B6C9-1B50-4444-946E-D182EC55138D}.Debug|x64.ActiveCfg = Debug|Any CPU
		{2C69B6C9-1B50-4444-946E-D182EC55138D}.Debug|x64.Build.0 = Debug|Any CPU
		{2C69B6C9-1B50-4444-946E-D182EC55138D}.Debug|x86.ActiveCfg = Debug|Any CPU
		{2C69B6C9-1B50-4444-946E-D182EC55138D}.Debug|x86.Build.0 = Debug|Any CPU
		{2C69B6C9-1B50-4444-946E-D182EC55138D}.Release|Any CPU.ActiveCfg = Release|Any CPU
		{2C69B6C9-1B50-4444-946E-D182EC55138D}.Release|Any CPU.Build.0 = Release|Any CPU
		{2C69B6C9-1B50-4444-946E-D182EC55138D}.Release|x64.ActiveCfg = Release|Any CPU
		{2C69B6C9-1B50-4444-946E-D182EC55138D}.Release|x64.Build.0 = Release|Any CPU
		{2C69B6C9-1B50-4444-946E-D182EC55138D}.Release|x86.ActiveCfg = Release|Any CPU
		{2C69B6C9-1B50-4444-946E-D182EC55138D}.Release|x86.Build.0 = Release|Any CPU
		{61791D96-F1DD-4115-B2D5-5F856B50DCFD}.Debug|Any CPU.ActiveCfg = Debug|Any CPU
		{61791D96-F1DD-4115-B2D5-5F856B50DCFD}.Debug|Any CPU.Build.0 = Debug|Any CPU
		{61791D96-F1DD-4115-B2D5-5F856B50DCFD}.Debug|x64.ActiveCfg = Debug|Any CPU
		{61791D96-F1DD-4115-B2D5-5F856B50DCFD}.Debug|x64.Build.0 = Debug|Any CPU
		{61791D96-F1DD-4115-B2D5-5F856B50DCFD}.Debug|x86.ActiveCfg = Debug|Any CPU
		{61791D96-F1DD-4115-B2D5-5F856B50DCFD}.Debug|x86.Build.0 = Debug|Any CPU
		{61791D96-F1DD-4115-B2D5-5F856B50DCFD}.Release|Any CPU.ActiveCfg = Release|Any CPU
		{61791D96-F1DD-4115-B2D5-5F856B50DCFD}.Release|Any CPU.Build.0 = Release|Any CPU
		{61791D96-F1DD-4115-B2D5-5F856B50DCFD}.Release|x64.ActiveCfg = Release|Any CPU
		{61791D96-F1DD-4115-B2D5-5F856B50DCFD}.Release|x64.Build.0 = Release|Any CPU
		{61791D96-F1DD-4115-B2D5-5F856B50DCFD}.Release|x86.ActiveCfg = Release|Any CPU
		{61791D96-F1DD-4115-B2D5-5F856B50DCFD}.Release|x86.Build.0 = Release|Any CPU
	EndGlobalSection
	GlobalSection(SolutionProperties) = preSolution
		HideSolutionNode = FALSE
	EndGlobalSection
	GlobalSection(NestedProjects) = preSolution
		{FEAF352A-EF6F-4990-8A5D-FE0308EE9380} = {818A7724-36D3-4EF6-88C1-A7E99ABD87A4}
		{A7BAD529-7C41-4AC0-9D6E-15200FD9E9E7} = {818A7724-36D3-4EF6-88C1-A7E99ABD87A4}
		{578F2014-AFB9-464E-85AB-997B3DF54C9E} = {818A7724-36D3-4EF6-88C1-A7E99ABD87A4}
		{A7C72767-BA5B-42C6-87E9-04C1A6BCC06C} = {818A7724-36D3-4EF6-88C1-A7E99ABD87A4}
		{176D83AA-F465-4675-B2FF-9651355450D2} = {818A7724-36D3-4EF6-88C1-A7E99ABD87A4}
		{D77889A4-9E43-477A-AE53-71383BB2152B} = {818A7724-36D3-4EF6-88C1-A7E99ABD87A4}
		{04F43FAC-570C-4C5A-8B60-4CD1148FE00E} = {818A7724-36D3-4EF6-88C1-A7E99ABD87A4}
		{779060BD-0BB1-43A2-8CC8-1B6DD3AD30AF} = {818A7724-36D3-4EF6-88C1-A7E99ABD87A4}
		{D28B476D-AECA-4193-938B-E7BF73592C87} = {AE547F31-6452-4A36-827F-93DF5BE613D7}
		{98C741CD-753E-4A59-B804-E48AC842C336} = {818A7724-36D3-4EF6-88C1-A7E99ABD87A4}
		{B73EEC2D-56D1-4A47-AB48-3D080B20332F} = {818A7724-36D3-4EF6-88C1-A7E99ABD87A4}
		{763CA348-5479-45BB-8F2A-9793987FC4CC} = {818A7724-36D3-4EF6-88C1-A7E99ABD87A4}
		{F08C7015-65AC-49FD-8922-B6B45DB18C2A} = {818A7724-36D3-4EF6-88C1-A7E99ABD87A4}
		{0AAC60D8-5851-4860-B93E-57893E29DAE4} = {818A7724-36D3-4EF6-88C1-A7E99ABD87A4}
		{117AF062-8C99-4C7B-92E5-7DDE1716BA3A} = {818A7724-36D3-4EF6-88C1-A7E99ABD87A4}
		{53671FE3-22C3-4CF0-B407-EB0A360AE327} = {818A7724-36D3-4EF6-88C1-A7E99ABD87A4}
		{E1DA98FA-A317-4439-8C38-1034B502F7C7} = {818A7724-36D3-4EF6-88C1-A7E99ABD87A4}
		{0656C4DC-8839-4C5E-86DD-9DEC282AF527} = {818A7724-36D3-4EF6-88C1-A7E99ABD87A4}
		{CF298176-0BF6-4F51-B948-C54C92B6489A} = {818A7724-36D3-4EF6-88C1-A7E99ABD87A4}
		{85E43D1E-676E-4C2F-A342-005B88974E4B} = {818A7724-36D3-4EF6-88C1-A7E99ABD87A4}
		{6BE3C2DC-9FFA-444F-8A08-ECEE8F1B0DB7} = {818A7724-36D3-4EF6-88C1-A7E99ABD87A4}
		{CF4A07D3-5693-49E0-9A90-3149EAF3383C} = {818A7724-36D3-4EF6-88C1-A7E99ABD87A4}
		{E08205B2-A716-4EF9-95A3-BB554D2D989C} = {818A7724-36D3-4EF6-88C1-A7E99ABD87A4}
		{83CDBDC1-8FC7-4993-B0FC-C83037A2F181} = {818A7724-36D3-4EF6-88C1-A7E99ABD87A4}
		{98A046D7-E9CA-44C8-A888-FDE08D00E964} = {818A7724-36D3-4EF6-88C1-A7E99ABD87A4}
		{DD270714-BC23-495B-86DF-7B892A194FAC} = {818A7724-36D3-4EF6-88C1-A7E99ABD87A4}
		{2941CC87-0CAB-4040-B6C3-54AE1A01A29A} = {818A7724-36D3-4EF6-88C1-A7E99ABD87A4}
		{46ABB933-2D67-446C-AAE3-7D5E9227FD04} = {818A7724-36D3-4EF6-88C1-A7E99ABD87A4}
		{DC70620E-D544-487C-941A-687DC07C377D} = {818A7724-36D3-4EF6-88C1-A7E99ABD87A4}
		{7AE7276A-503F-4B98-AE94-CAA2EAA020D6} = {818A7724-36D3-4EF6-88C1-A7E99ABD87A4}
		{6FAEA320-1642-4C58-BA19-9233AC22C434} = {818A7724-36D3-4EF6-88C1-A7E99ABD87A4}
		{1204718C-33D1-4044-8F85-84FDF956F47B} = {818A7724-36D3-4EF6-88C1-A7E99ABD87A4}
		{4225B7A0-340E-40F9-AC25-731252500261} = {818A7724-36D3-4EF6-88C1-A7E99ABD87A4}
		{2C69B6C9-1B50-4444-946E-D182EC55138D} = {818A7724-36D3-4EF6-88C1-A7E99ABD87A4}
		{61791D96-F1DD-4115-B2D5-5F856B50DCFD} = {818A7724-36D3-4EF6-88C1-A7E99ABD87A4}
		{A2E5392E-5AA0-42A2-898A-2814B3583D16} = {818A7724-36D3-4EF6-88C1-A7E99ABD87A4}
	EndGlobalSection
EndGlobal
